
Microsoft Visual Studio Solution File, Format Version 12.00
# Visual Studio 2013
VisualStudioVersion = 12.0.40629.0
MinimumVisualStudioVersion = 10.0.40219.1
Project("{FAE04EC0-301F-11D3-BF4B-00C04F79EFBC}") = "TestApp", "TestApp\TestApp\TestApp.csproj", "{9DE72C0C-7A43-451B-97D2-F02FAAAA0904}"
EndProject
Project("{FAE04EC0-301F-11D3-BF4B-00C04F79EFBC}") = "TestApp.iOS", "TestApp\TestApp.iOS\TestApp.iOS.csproj", "{537FE721-C8BE-45DD-85BD-70FFCAB8A47D}"
EndProject
Project("{FAE04EC0-301F-11D3-BF4B-00C04F79EFBC}") = "TestApp.Droid", "TestApp\TestApp.Droid\TestApp.Droid.csproj", "{612D6403-5E69-49E8-A727-DEB9E03798B6}"
EndProject
Project("{FAE04EC0-301F-11D3-BF4B-00C04F79EFBC}") = "TestApp.WinPhone", "TestApp\TestApp.WinPhone\TestApp.WinPhone.csproj", "{972C309A-206C-422E-863A-904F5FB9CDF0}"
EndProject
Project("{FAE04EC0-301F-11D3-BF4B-00C04F79EFBC}") = "MultiLevelListview", "MultiLevelListview\MultiLevelListview.csproj", "{67F9D3A8-F71E-4428-913F-C37AE82CDB24}"
EndProject
Global
	GlobalSection(SolutionConfigurationPlatforms) = preSolution
		Ad-Hoc|Any CPU = Ad-Hoc|Any CPU
		Ad-Hoc|ARM = Ad-Hoc|ARM
		Ad-Hoc|iPhone = Ad-Hoc|iPhone
		Ad-Hoc|iPhoneSimulator = Ad-Hoc|iPhoneSimulator
		Ad-Hoc|Mixed Platforms = Ad-Hoc|Mixed Platforms
		Ad-Hoc|x86 = Ad-Hoc|x86
		AppStore|Any CPU = AppStore|Any CPU
		AppStore|ARM = AppStore|ARM
		AppStore|iPhone = AppStore|iPhone
		AppStore|iPhoneSimulator = AppStore|iPhoneSimulator
		AppStore|Mixed Platforms = AppStore|Mixed Platforms
		AppStore|x86 = AppStore|x86
		Debug|Any CPU = Debug|Any CPU
		Debug|ARM = Debug|ARM
		Debug|iPhone = Debug|iPhone
		Debug|iPhoneSimulator = Debug|iPhoneSimulator
		Debug|Mixed Platforms = Debug|Mixed Platforms
		Debug|x86 = Debug|x86
		Release|Any CPU = Release|Any CPU
		Release|ARM = Release|ARM
		Release|iPhone = Release|iPhone
		Release|iPhoneSimulator = Release|iPhoneSimulator
		Release|Mixed Platforms = Release|Mixed Platforms
		Release|x86 = Release|x86
	EndGlobalSection
	GlobalSection(ProjectConfigurationPlatforms) = postSolution
		{9DE72C0C-7A43-451B-97D2-F02FAAAA0904}.Ad-Hoc|Any CPU.ActiveCfg = Release|Any CPU
		{9DE72C0C-7A43-451B-97D2-F02FAAAA0904}.Ad-Hoc|Any CPU.Build.0 = Release|Any CPU
		{9DE72C0C-7A43-451B-97D2-F02FAAAA0904}.Ad-Hoc|ARM.ActiveCfg = Release|Any CPU
		{9DE72C0C-7A43-451B-97D2-F02FAAAA0904}.Ad-Hoc|iPhone.ActiveCfg = Release|Any CPU
		{9DE72C0C-7A43-451B-97D2-F02FAAAA0904}.Ad-Hoc|iPhoneSimulator.ActiveCfg = Release|Any CPU
		{9DE72C0C-7A43-451B-97D2-F02FAAAA0904}.Ad-Hoc|Mixed Platforms.ActiveCfg = Release|Any CPU
		{9DE72C0C-7A43-451B-97D2-F02FAAAA0904}.Ad-Hoc|Mixed Platforms.Build.0 = Release|Any CPU
		{9DE72C0C-7A43-451B-97D2-F02FAAAA0904}.Ad-Hoc|x86.ActiveCfg = Release|Any CPU
		{9DE72C0C-7A43-451B-97D2-F02FAAAA0904}.AppStore|Any CPU.ActiveCfg = Release|Any CPU
		{9DE72C0C-7A43-451B-97D2-F02FAAAA0904}.AppStore|Any CPU.Build.0 = Release|Any CPU
		{9DE72C0C-7A43-451B-97D2-F02FAAAA0904}.AppStore|ARM.ActiveCfg = Release|Any CPU
		{9DE72C0C-7A43-451B-97D2-F02FAAAA0904}.AppStore|iPhone.ActiveCfg = Release|Any CPU
		{9DE72C0C-7A43-451B-97D2-F02FAAAA0904}.AppStore|iPhoneSimulator.ActiveCfg = Release|Any CPU
		{9DE72C0C-7A43-451B-97D2-F02FAAAA0904}.AppStore|Mixed Platforms.ActiveCfg = Release|Any CPU
		{9DE72C0C-7A43-451B-97D2-F02FAAAA0904}.AppStore|Mixed Platforms.Build.0 = Release|Any CPU
		{9DE72C0C-7A43-451B-97D2-F02FAAAA0904}.AppStore|x86.ActiveCfg = Release|Any CPU
		{9DE72C0C-7A43-451B-97D2-F02FAAAA0904}.Debug|Any CPU.ActiveCfg = Debug|Any CPU
		{9DE72C0C-7A43-451B-97D2-F02FAAAA0904}.Debug|Any CPU.Build.0 = Debug|Any CPU
		{9DE72C0C-7A43-451B-97D2-F02FAAAA0904}.Debug|ARM.ActiveCfg = Debug|Any CPU
		{9DE72C0C-7A43-451B-97D2-F02FAAAA0904}.Debug|iPhone.ActiveCfg = Debug|Any CPU
		{9DE72C0C-7A43-451B-97D2-F02FAAAA0904}.Debug|iPhoneSimulator.ActiveCfg = Debug|Any CPU
		{9DE72C0C-7A43-451B-97D2-F02FAAAA0904}.Debug|Mixed Platforms.ActiveCfg = Debug|Any CPU
		{9DE72C0C-7A43-451B-97D2-F02FAAAA0904}.Debug|Mixed Platforms.Build.0 = Debug|Any CPU
		{9DE72C0C-7A43-451B-97D2-F02FAAAA0904}.Debug|x86.ActiveCfg = Debug|Any CPU
		{9DE72C0C-7A43-451B-97D2-F02FAAAA0904}.Release|Any CPU.ActiveCfg = Release|Any CPU
		{9DE72C0C-7A43-451B-97D2-F02FAAAA0904}.Release|Any CPU.Build.0 = Release|Any CPU
		{9DE72C0C-7A43-451B-97D2-F02FAAAA0904}.Release|ARM.ActiveCfg = Release|Any CPU
		{9DE72C0C-7A43-451B-97D2-F02FAAAA0904}.Release|iPhone.ActiveCfg = Release|Any CPU
		{9DE72C0C-7A43-451B-97D2-F02FAAAA0904}.Release|iPhoneSimulator.ActiveCfg = Release|Any CPU
		{9DE72C0C-7A43-451B-97D2-F02FAAAA0904}.Release|Mixed Platforms.ActiveCfg = Release|Any CPU
		{9DE72C0C-7A43-451B-97D2-F02FAAAA0904}.Release|Mixed Platforms.Build.0 = Release|Any CPU
		{9DE72C0C-7A43-451B-97D2-F02FAAAA0904}.Release|x86.ActiveCfg = Release|Any CPU
		{537FE721-C8BE-45DD-85BD-70FFCAB8A47D}.Ad-Hoc|Any CPU.ActiveCfg = Ad-Hoc|iPhone
		{537FE721-C8BE-45DD-85BD-70FFCAB8A47D}.Ad-Hoc|ARM.ActiveCfg = Ad-Hoc|iPhone
		{537FE721-C8BE-45DD-85BD-70FFCAB8A47D}.Ad-Hoc|iPhone.ActiveCfg = Ad-Hoc|iPhone
		{537FE721-C8BE-45DD-85BD-70FFCAB8A47D}.Ad-Hoc|iPhone.Build.0 = Ad-Hoc|iPhone
		{537FE721-C8BE-45DD-85BD-70FFCAB8A47D}.Ad-Hoc|iPhoneSimulator.ActiveCfg = Ad-Hoc|iPhoneSimulator
		{537FE721-C8BE-45DD-85BD-70FFCAB8A47D}.Ad-Hoc|iPhoneSimulator.Build.0 = Ad-Hoc|iPhoneSimulator
		{537FE721-C8BE-45DD-85BD-70FFCAB8A47D}.Ad-Hoc|Mixed Platforms.ActiveCfg = Ad-Hoc|iPhone
		{537FE721-C8BE-45DD-85BD-70FFCAB8A47D}.Ad-Hoc|Mixed Platforms.Build.0 = Ad-Hoc|iPhone
		{537FE721-C8BE-45DD-85BD-70FFCAB8A47D}.Ad-Hoc|x86.ActiveCfg = Ad-Hoc|iPhone
		{537FE721-C8BE-45DD-85BD-70FFCAB8A47D}.AppStore|Any CPU.ActiveCfg = AppStore|iPhone
		{537FE721-C8BE-45DD-85BD-70FFCAB8A47D}.AppStore|ARM.ActiveCfg = AppStore|iPhone
		{537FE721-C8BE-45DD-85BD-70FFCAB8A47D}.AppStore|iPhone.ActiveCfg = AppStore|iPhone
		{537FE721-C8BE-45DD-85BD-70FFCAB8A47D}.AppStore|iPhone.Build.0 = AppStore|iPhone
		{537FE721-C8BE-45DD-85BD-70FFCAB8A47D}.AppStore|iPhoneSimulator.ActiveCfg = AppStore|iPhoneSimulator
		{537FE721-C8BE-45DD-85BD-70FFCAB8A47D}.AppStore|iPhoneSimulator.Build.0 = AppStore|iPhoneSimulator
		{537FE721-C8BE-45DD-85BD-70FFCAB8A47D}.AppStore|Mixed Platforms.ActiveCfg = AppStore|iPhone
		{537FE721-C8BE-45DD-85BD-70FFCAB8A47D}.AppStore|Mixed Platforms.Build.0 = AppStore|iPhone
		{537FE721-C8BE-45DD-85BD-70FFCAB8A47D}.AppStore|x86.ActiveCfg = AppStore|iPhone
		{537FE721-C8BE-45DD-85BD-70FFCAB8A47D}.Debug|Any CPU.ActiveCfg = Debug|iPhone
		{537FE721-C8BE-45DD-85BD-70FFCAB8A47D}.Debug|ARM.ActiveCfg = Debug|iPhone
		{537FE721-C8BE-45DD-85BD-70FFCAB8A47D}.Debug|iPhone.ActiveCfg = Debug|iPhone
		{537FE721-C8BE-45DD-85BD-70FFCAB8A47D}.Debug|iPhone.Build.0 = Debug|iPhone
		{537FE721-C8BE-45DD-85BD-70FFCAB8A47D}.Debug|iPhoneSimulator.ActiveCfg = Debug|iPhoneSimulator
		{537FE721-C8BE-45DD-85BD-70FFCAB8A47D}.Debug|iPhoneSimulator.Build.0 = Debug|iPhoneSimulator
		{537FE721-C8BE-45DD-85BD-70FFCAB8A47D}.Debug|Mixed Platforms.ActiveCfg = Debug|iPhone
		{537FE721-C8BE-45DD-85BD-70FFCAB8A47D}.Debug|Mixed Platforms.Build.0 = Debug|iPhone
		{537FE721-C8BE-45DD-85BD-70FFCAB8A47D}.Debug|x86.ActiveCfg = Debug|iPhone
		{537FE721-C8BE-45DD-85BD-70FFCAB8A47D}.Release|Any CPU.ActiveCfg = Release|iPhone
		{537FE721-C8BE-45DD-85BD-70FFCAB8A47D}.Release|ARM.ActiveCfg = Release|iPhone
		{537FE721-C8BE-45DD-85BD-70FFCAB8A47D}.Release|iPhone.ActiveCfg = Release|iPhone
		{537FE721-C8BE-45DD-85BD-70FFCAB8A47D}.Release|iPhone.Build.0 = Release|iPhone
		{537FE721-C8BE-45DD-85BD-70FFCAB8A47D}.Release|iPhoneSimulator.ActiveCfg = Release|iPhoneSimulator
		{537FE721-C8BE-45DD-85BD-70FFCAB8A47D}.Release|iPhoneSimulator.Build.0 = Release|iPhoneSimulator
		{537FE721-C8BE-45DD-85BD-70FFCAB8A47D}.Release|Mixed Platforms.ActiveCfg = Release|iPhone
		{537FE721-C8BE-45DD-85BD-70FFCAB8A47D}.Release|Mixed Platforms.Build.0 = Release|iPhone
		{537FE721-C8BE-45DD-85BD-70FFCAB8A47D}.Release|x86.ActiveCfg = Release|iPhone
		{612D6403-5E69-49E8-A727-DEB9E03798B6}.Ad-Hoc|Any CPU.ActiveCfg = Release|Any CPU
		{612D6403-5E69-49E8-A727-DEB9E03798B6}.Ad-Hoc|Any CPU.Build.0 = Release|Any CPU
		{612D6403-5E69-49E8-A727-DEB9E03798B6}.Ad-Hoc|Any CPU.Deploy.0 = Release|Any CPU
		{612D6403-5E69-49E8-A727-DEB9E03798B6}.Ad-Hoc|ARM.ActiveCfg = Release|Any CPU
		{612D6403-5E69-49E8-A727-DEB9E03798B6}.Ad-Hoc|iPhone.ActiveCfg = Release|Any CPU
		{612D6403-5E69-49E8-A727-DEB9E03798B6}.Ad-Hoc|iPhoneSimulator.ActiveCfg = Release|Any CPU
		{612D6403-5E69-49E8-A727-DEB9E03798B6}.Ad-Hoc|Mixed Platforms.ActiveCfg = Release|Any CPU
		{612D6403-5E69-49E8-A727-DEB9E03798B6}.Ad-Hoc|Mixed Platforms.Build.0 = Release|Any CPU
		{612D6403-5E69-49E8-A727-DEB9E03798B6}.Ad-Hoc|Mixed Platforms.Deploy.0 = Release|Any CPU
		{612D6403-5E69-49E8-A727-DEB9E03798B6}.Ad-Hoc|x86.ActiveCfg = Release|Any CPU
		{612D6403-5E69-49E8-A727-DEB9E03798B6}.AppStore|Any CPU.ActiveCfg = Release|Any CPU
		{612D6403-5E69-49E8-A727-DEB9E03798B6}.AppStore|Any CPU.Build.0 = Release|Any CPU
		{612D6403-5E69-49E8-A727-DEB9E03798B6}.AppStore|Any CPU.Deploy.0 = Release|Any CPU
		{612D6403-5E69-49E8-A727-DEB9E03798B6}.AppStore|ARM.ActiveCfg = Release|Any CPU
		{612D6403-5E69-49E8-A727-DEB9E03798B6}.AppStore|iPhone.ActiveCfg = Release|Any CPU
		{612D6403-5E69-49E8-A727-DEB9E03798B6}.AppStore|iPhoneSimulator.ActiveCfg = Release|Any CPU
		{612D6403-5E69-49E8-A727-DEB9E03798B6}.AppStore|Mixed Platforms.ActiveCfg = Release|Any CPU
		{612D6403-5E69-49E8-A727-DEB9E03798B6}.AppStore|Mixed Platforms.Build.0 = Release|Any CPU
		{612D6403-5E69-49E8-A727-DEB9E03798B6}.AppStore|Mixed Platforms.Deploy.0 = Release|Any CPU
		{612D6403-5E69-49E8-A727-DEB9E03798B6}.AppStore|x86.ActiveCfg = Release|Any CPU
		{612D6403-5E69-49E8-A727-DEB9E03798B6}.Debug|Any CPU.ActiveCfg = Debug|Any CPU
		{612D6403-5E69-49E8-A727-DEB9E03798B6}.Debug|Any CPU.Build.0 = Debug|Any CPU
		{612D6403-5E69-49E8-A727-DEB9E03798B6}.Debug|Any CPU.Deploy.0 = Debug|Any CPU
		{612D6403-5E69-49E8-A727-DEB9E03798B6}.Debug|ARM.ActiveCfg = Debug|Any CPU
		{612D6403-5E69-49E8-A727-DEB9E03798B6}.Debug|iPhone.ActiveCfg = Debug|Any CPU
		{612D6403-5E69-49E8-A727-DEB9E03798B6}.Debug|iPhoneSimulator.ActiveCfg = Debug|Any CPU
		{612D6403-5E69-49E8-A727-DEB9E03798B6}.Debug|Mixed Platforms.ActiveCfg = Debug|Any CPU
		{612D6403-5E69-49E8-A727-DEB9E03798B6}.Debug|Mixed Platforms.Build.0 = Debug|Any CPU
		{612D6403-5E69-49E8-A727-DEB9E03798B6}.Debug|Mixed Platforms.Deploy.0 = Debug|Any CPU
		{612D6403-5E69-49E8-A727-DEB9E03798B6}.Debug|x86.ActiveCfg = Debug|Any CPU
		{612D6403-5E69-49E8-A727-DEB9E03798B6}.Release|Any CPU.ActiveCfg = Release|Any CPU
		{612D6403-5E69-49E8-A727-DEB9E03798B6}.Release|Any CPU.Build.0 = Release|Any CPU
		{612D6403-5E69-49E8-A727-DEB9E03798B6}.Release|Any CPU.Deploy.0 = Release|Any CPU
		{612D6403-5E69-49E8-A727-DEB9E03798B6}.Release|ARM.ActiveCfg = Release|Any CPU
		{612D6403-5E69-49E8-A727-DEB9E03798B6}.Release|iPhone.ActiveCfg = Release|Any CPU
		{612D6403-5E69-49E8-A727-DEB9E03798B6}.Release|iPhoneSimulator.ActiveCfg = Release|Any CPU
		{612D6403-5E69-49E8-A727-DEB9E03798B6}.Release|Mixed Platforms.ActiveCfg = Release|Any CPU
		{612D6403-5E69-49E8-A727-DEB9E03798B6}.Release|Mixed Platforms.Build.0 = Release|Any CPU
		{612D6403-5E69-49E8-A727-DEB9E03798B6}.Release|Mixed Platforms.Deploy.0 = Release|Any CPU
		{612D6403-5E69-49E8-A727-DEB9E03798B6}.Release|x86.ActiveCfg = Release|Any CPU
		{972C309A-206C-422E-863A-904F5FB9CDF0}.Ad-Hoc|Any CPU.ActiveCfg = Release|Any CPU
		{972C309A-206C-422E-863A-904F5FB9CDF0}.Ad-Hoc|Any CPU.Build.0 = Release|Any CPU
		{972C309A-206C-422E-863A-904F5FB9CDF0}.Ad-Hoc|Any CPU.Deploy.0 = Release|Any CPU
		{972C309A-206C-422E-863A-904F5FB9CDF0}.Ad-Hoc|ARM.ActiveCfg = Release|ARM
		{972C309A-206C-422E-863A-904F5FB9CDF0}.Ad-Hoc|ARM.Build.0 = Release|ARM
		{972C309A-206C-422E-863A-904F5FB9CDF0}.Ad-Hoc|ARM.Deploy.0 = Release|ARM
		{972C309A-206C-422E-863A-904F5FB9CDF0}.Ad-Hoc|iPhone.ActiveCfg = Release|Any CPU
		{972C309A-206C-422E-863A-904F5FB9CDF0}.Ad-Hoc|iPhoneSimulator.ActiveCfg = Release|Any CPU
		{972C309A-206C-422E-863A-904F5FB9CDF0}.Ad-Hoc|Mixed Platforms.ActiveCfg = Release|x86
		{972C309A-206C-422E-863A-904F5FB9CDF0}.Ad-Hoc|Mixed Platforms.Build.0 = Release|x86
		{972C309A-206C-422E-863A-904F5FB9CDF0}.Ad-Hoc|Mixed Platforms.Deploy.0 = Release|x86
		{972C309A-206C-422E-863A-904F5FB9CDF0}.Ad-Hoc|x86.ActiveCfg = Release|x86
		{972C309A-206C-422E-863A-904F5FB9CDF0}.Ad-Hoc|x86.Build.0 = Release|x86
		{972C309A-206C-422E-863A-904F5FB9CDF0}.Ad-Hoc|x86.Deploy.0 = Release|x86
		{972C309A-206C-422E-863A-904F5FB9CDF0}.AppStore|Any CPU.ActiveCfg = Release|Any CPU
		{972C309A-206C-422E-863A-904F5FB9CDF0}.AppStore|Any CPU.Build.0 = Release|Any CPU
		{972C309A-206C-422E-863A-904F5FB9CDF0}.AppStore|Any CPU.Deploy.0 = Release|Any CPU
		{972C309A-206C-422E-863A-904F5FB9CDF0}.AppStore|ARM.ActiveCfg = Release|ARM
		{972C309A-206C-422E-863A-904F5FB9CDF0}.AppStore|ARM.Build.0 = Release|ARM
		{972C309A-206C-422E-863A-904F5FB9CDF0}.AppStore|ARM.Deploy.0 = Release|ARM
		{972C309A-206C-422E-863A-904F5FB9CDF0}.AppStore|iPhone.ActiveCfg = Release|Any CPU
		{972C309A-206C-422E-863A-904F5FB9CDF0}.AppStore|iPhoneSimulator.ActiveCfg = Release|Any CPU
		{972C309A-206C-422E-863A-904F5FB9CDF0}.AppStore|Mixed Platforms.ActiveCfg = Release|x86
		{972C309A-206C-422E-863A-904F5FB9CDF0}.AppStore|Mixed Platforms.Build.0 = Release|x86
		{972C309A-206C-422E-863A-904F5FB9CDF0}.AppStore|Mixed Platforms.Deploy.0 = Release|x86
		{972C309A-206C-422E-863A-904F5FB9CDF0}.AppStore|x86.ActiveCfg = Release|x86
		{972C309A-206C-422E-863A-904F5FB9CDF0}.AppStore|x86.Build.0 = Release|x86
		{972C309A-206C-422E-863A-904F5FB9CDF0}.AppStore|x86.Deploy.0 = Release|x86
		{972C309A-206C-422E-863A-904F5FB9CDF0}.Debug|Any CPU.ActiveCfg = Debug|Any CPU
		{972C309A-206C-422E-863A-904F5FB9CDF0}.Debug|Any CPU.Build.0 = Debug|Any CPU
		{972C309A-206C-422E-863A-904F5FB9CDF0}.Debug|Any CPU.Deploy.0 = Debug|Any CPU
		{972C309A-206C-422E-863A-904F5FB9CDF0}.Debug|ARM.ActiveCfg = Debug|ARM
		{972C309A-206C-422E-863A-904F5FB9CDF0}.Debug|ARM.Build.0 = Debug|ARM
		{972C309A-206C-422E-863A-904F5FB9CDF0}.Debug|ARM.Deploy.0 = Debug|ARM
		{972C309A-206C-422E-863A-904F5FB9CDF0}.Debug|iPhone.ActiveCfg = Debug|Any CPU
		{972C309A-206C-422E-863A-904F5FB9CDF0}.Debug|iPhoneSimulator.ActiveCfg = Debug|Any CPU
		{972C309A-206C-422E-863A-904F5FB9CDF0}.Debug|Mixed Platforms.ActiveCfg = Debug|x86
		{972C309A-206C-422E-863A-904F5FB9CDF0}.Debug|Mixed Platforms.Build.0 = Debug|x86
		{972C309A-206C-422E-863A-904F5FB9CDF0}.Debug|Mixed Platforms.Deploy.0 = Debug|x86
		{972C309A-206C-422E-863A-904F5FB9CDF0}.Debug|x86.ActiveCfg = Debug|x86
		{972C309A-206C-422E-863A-904F5FB9CDF0}.Debug|x86.Build.0 = Debug|x86
		{972C309A-206C-422E-863A-904F5FB9CDF0}.Debug|x86.Deploy.0 = Debug|x86
		{972C309A-206C-422E-863A-904F5FB9CDF0}.Release|Any CPU.ActiveCfg = Release|Any CPU
		{972C309A-206C-422E-863A-904F5FB9CDF0}.Release|Any CPU.Build.0 = Release|Any CPU
		{972C309A-206C-422E-863A-904F5FB9CDF0}.Release|Any CPU.Deploy.0 = Release|Any CPU
		{972C309A-206C-422E-863A-904F5FB9CDF0}.Release|ARM.ActiveCfg = Release|ARM
		{972C309A-206C-422E-863A-904F5FB9CDF0}.Release|ARM.Build.0 = Release|ARM
		{972C309A-206C-422E-863A-904F5FB9CDF0}.Release|ARM.Deploy.0 = Release|ARM
		{972C309A-206C-422E-863A-904F5FB9CDF0}.Release|iPhone.ActiveCfg = Release|Any CPU
		{972C309A-206C-422E-863A-904F5FB9CDF0}.Release|iPhoneSimulator.ActiveCfg = Release|Any CPU
		{972C309A-206C-422E-863A-904F5FB9CDF0}.Release|Mixed Platforms.ActiveCfg = Release|x86
		{972C309A-206C-422E-863A-904F5FB9CDF0}.Release|Mixed Platforms.Build.0 = Release|x86
		{972C309A-206C-422E-863A-904F5FB9CDF0}.Release|Mixed Platforms.Deploy.0 = Release|x86
		{972C309A-206C-422E-863A-904F5FB9CDF0}.Release|x86.ActiveCfg = Release|x86
		{972C309A-206C-422E-863A-904F5FB9CDF0}.Release|x86.Build.0 = Release|x86
		{972C309A-206C-422E-863A-904F5FB9CDF0}.Release|x86.Deploy.0 = Release|x86
		{67F9D3A8-F71E-4428-913F-C37AE82CDB24}.Ad-Hoc|Any CPU.ActiveCfg = Release|Any CPU
		{67F9D3A8-F71E-4428-913F-C37AE82CDB24}.Ad-Hoc|Any CPU.Build.0 = Release|Any CPU
		{67F9D3A8-F71E-4428-913F-C37AE82CDB24}.Ad-Hoc|ARM.ActiveCfg = Release|Any CPU
		{67F9D3A8-F71E-4428-913F-C37AE82CDB24}.Ad-Hoc|iPhone.ActiveCfg = Release|Any CPU
		{67F9D3A8-F71E-4428-913F-C37AE82CDB24}.Ad-Hoc|iPhoneSimulator.ActiveCfg = Release|Any CPU
		{67F9D3A8-F71E-4428-913F-C37AE82CDB24}.Ad-Hoc|Mixed Platforms.ActiveCfg = Release|Any CPU
		{67F9D3A8-F71E-4428-913F-C37AE82CDB24}.Ad-Hoc|Mixed Platforms.Build.0 = Release|Any CPU
		{67F9D3A8-F71E-4428-913F-C37AE82CDB24}.Ad-Hoc|x86.ActiveCfg = Release|Any CPU
		{67F9D3A8-F71E-4428-913F-C37AE82CDB24}.AppStore|Any CPU.ActiveCfg = Release|Any CPU
		{67F9D3A8-F71E-4428-913F-C37AE82CDB24}.AppStore|Any CPU.Build.0 = Release|Any CPU
		{67F9D3A8-F71E-4428-913F-C37AE82CDB24}.AppStore|ARM.ActiveCfg = Release|Any CPU
		{67F9D3A8-F71E-4428-913F-C37AE82CDB24}.AppStore|iPhone.ActiveCfg = Release|Any CPU
		{67F9D3A8-F71E-4428-913F-C37AE82CDB24}.AppStore|iPhoneSimulator.ActiveCfg = Release|Any CPU
		{67F9D3A8-F71E-4428-913F-C37AE82CDB24}.AppStore|Mixed Platforms.ActiveCfg = Release|Any CPU
		{67F9D3A8-F71E-4428-913F-C37AE82CDB24}.AppStore|Mixed Platforms.Build.0 = Release|Any CPU
		{67F9D3A8-F71E-4428-913F-C37AE82CDB24}.AppStore|x86.ActiveCfg = Release|Any CPU
		{67F9D3A8-F71E-4428-913F-C37AE82CDB24}.Debug|Any CPU.ActiveCfg = Debug|Any CPU
		{67F9D3A8-F71E-4428-913F-C37AE82CDB24}.Debug|Any CPU.Build.0 = Debug|Any CPU
		{67F9D3A8-F71E-4428-913F-C37AE82CDB24}.Debug|ARM.ActiveCfg = Debug|Any CPU
		{67F9D3A8-F71E-4428-913F-C37AE82CDB24}.Debug|iPhone.ActiveCfg = Debug|Any CPU
		{67F9D3A8-F71E-4428-913F-C37AE82CDB24}.Debug|iPhoneSimulator.ActiveCfg = Debug|Any CPU
		{67F9D3A8-F71E-4428-913F-C37AE82CDB24}.Debug|Mixed Platforms.ActiveCfg = Debug|Any CPU
		{67F9D3A8-F71E-4428-913F-C37AE82CDB24}.Debug|Mixed Platforms.Build.0 = Debug|Any CPU
		{67F9D3A8-F71E-4428-913F-C37AE82CDB24}.Debug|x86.ActiveCfg = Debug|Any CPU
		{67F9D3A8-F71E-4428-913F-C37AE82CDB24}.Release|Any CPU.ActiveCfg = Release|Any CPU
		{67F9D3A8-F71E-4428-913F-C37AE82CDB24}.Release|Any CPU.Build.0 = Release|Any CPU
		{67F9D3A8-F71E-4428-913F-C37AE82CDB24}.Release|ARM.ActiveCfg = Release|Any CPU
		{67F9D3A8-F71E-4428-913F-C37AE82CDB24}.Release|iPhone.ActiveCfg = Release|Any CPU
		{67F9D3A8-F71E-4428-913F-C37AE82CDB24}.Release|iPhoneSimulator.ActiveCfg = Release|Any CPU
		{67F9D3A8-F71E-4428-913F-C37AE82CDB24}.Release|Mixed Platforms.ActiveCfg = Release|Any CPU
		{67F9D3A8-F71E-4428-913F-C37AE82CDB24}.Release|Mixed Platforms.Build.0 = Release|Any CPU
		{67F9D3A8-F71E-4428-913F-C37AE82CDB24}.Release|x86.ActiveCfg = Release|Any CPU
	EndGlobalSection
	GlobalSection(SolutionProperties) = preSolution
		HideSolutionNode = FALSE
	EndGlobalSection
EndGlobal
